
Microsoft Visual Studio Solution File, Format Version 12.00
# Visual Studio Version 16
VisualStudioVersion = 16.0.31410.357
MinimumVisualStudioVersion = 10.0.40219.1
Project("{FAE04EC0-301F-11D3-BF4B-00C04F79EFBC}") = "Neighlink.API", "Neighlink.API\Neighlink.API.csproj", "{850B23C2-FBC1-4A76-B795-F8C7A07F6D0B}"
EndProject
Project("{FAE04EC0-301F-11D3-BF4B-00C04F79EFBC}") = "Neighlink.Helper", "Neighlink.Helper\Neighlink.Helper.csproj", "{19EFCE4F-BE34-4FDC-A945-FB8E78AB6778}"
EndProject
Project("{FAE04EC0-301F-11D3-BF4B-00C04F79EFBC}") = "Neighlink.Data.Core", "Neighlink.Data.Core\Neighlink.Data.Core.csproj", "{54C0DCB5-FE0A-431E-81F0-18C4EBE34207}"
EndProject
Project("{FAE04EC0-301F-11D3-BF4B-00C04F79EFBC}") = "Infraestructure.Data.Generator", "Infraestructure.Data.Generator\Infraestructure.Data.Generator.csproj", "{64F3D667-6018-459D-9298-BF06CE98EB20}"
EndProject
Project("{FAE04EC0-301F-11D3-BF4B-00C04F79EFBC}") = "Neighlink.Core", "Neighlink.Core\Neighlink.Core.csproj", "{0BEC77A3-350F-4EBD-A87E-776C2B27854D}"
EndProject
Global
	GlobalSection(SolutionConfigurationPlatforms) = preSolution
		Debug|Any CPU = Debug|Any CPU
		Release|Any CPU = Release|Any CPU
	EndGlobalSection
	GlobalSection(ProjectConfigurationPlatforms) = postSolution
		{850B23C2-FBC1-4A76-B795-F8C7A07F6D0B}.Debug|Any CPU.ActiveCfg = Debug|Any CPU
		{850B23C2-FBC1-4A76-B795-F8C7A07F6D0B}.Debug|Any CPU.Build.0 = Debug|Any CPU
		{850B23C2-FBC1-4A76-B795-F8C7A07F6D0B}.Release|Any CPU.ActiveCfg = Release|Any CPU
		{850B23C2-FBC1-4A76-B795-F8C7A07F6D0B}.Release|Any CPU.Build.0 = Release|Any CPU
		{19EFCE4F-BE34-4FDC-A945-FB8E78AB6778}.Debug|Any CPU.ActiveCfg = Debug|Any CPU
		{19EFCE4F-BE34-4FDC-A945-FB8E78AB6778}.Debug|Any CPU.Build.0 = Debug|Any CPU
		{19EFCE4F-BE34-4FDC-A945-FB8E78AB6778}.Release|Any CPU.ActiveCfg = Release|Any CPU
		{19EFCE4F-BE34-4FDC-A945-FB8E78AB6778}.Release|Any CPU.Build.0 = Release|Any CPU
		{54C0DCB5-FE0A-431E-81F0-18C4EBE34207}.Debug|Any CPU.ActiveCfg = Debug|Any CPU
		{54C0DCB5-FE0A-431E-81F0-18C4EBE34207}.Debug|Any CPU.Build.0 = Debug|Any CPU
		{54C0DCB5-FE0A-431E-81F0-18C4EBE34207}.Release|Any CPU.ActiveCfg = Release|Any CPU
		{54C0DCB5-FE0A-431E-81F0-18C4EBE34207}.Release|Any CPU.Build.0 = Release|Any CPU
		{64F3D667-6018-459D-9298-BF06CE98EB20}.Debug|Any CPU.ActiveCfg = Debug|Any CPU
		{64F3D667-6018-459D-9298-BF06CE98EB20}.Debug|Any CPU.Build.0 = Debug|Any CPU
		{64F3D667-6018-459D-9298-BF06CE98EB20}.Release|Any CPU.ActiveCfg = Release|Any CPU
		{64F3D667-6018-459D-9298-BF06CE98EB20}.Release|Any CPU.Build.0 = Release|Any CPU
		{0BEC77A3-350F-4EBD-A87E-776C2B27854D}.Debug|Any CPU.ActiveCfg = Debug|Any CPU
		{0BEC77A3-350F-4EBD-A87E-776C2B27854D}.Debug|Any CPU.Build.0 = Debug|Any CPU
		{0BEC77A3-350F-4EBD-A87E-776C2B27854D}.Release|Any CPU.ActiveCfg = Release|Any CPU
		{0BEC77A3-350F-4EBD-A87E-776C2B27854D}.Release|Any CPU.Build.0 = Release|Any CPU
	EndGlobalSection
	GlobalSection(SolutionProperties) = preSolution
		HideSolutionNode = FALSE
	EndGlobalSection
	GlobalSection(ExtensibilityGlobals) = postSolution
		SolutionGuid = {0D143924-4830-4000-ADA8-ACE349410CAF}
	EndGlobalSection
EndGlobal
